
Microsoft Visual Studio Solution File, Format Version 12.00
# Visual Studio Version 16
VisualStudioVersion = 16.0.29230.47
MinimumVisualStudioVersion = 10.0.40219.1
Project("{FAE04EC0-301F-11D3-BF4B-00C04F79EFBC}") = "인간관계프로젝트", "인간관계프로젝트\인간관계프로젝트.csproj", "{B12A31C6-3EA6-47D2-9F96-F18EFB8D3168}"
EndProject
Global
	GlobalSection(SolutionConfigurationPlatforms) = preSolution
		Debug|Any CPU = Debug|Any CPU
		Release|Any CPU = Release|Any CPU
	EndGlobalSection
	GlobalSection(ProjectConfigurationPlatforms) = postSolution
		{B12A31C6-3EA6-47D2-9F96-F18EFB8D3168}.Debug|Any CPU.ActiveCfg = Debug|Any CPU
		{B12A31C6-3EA6-47D2-9F96-F18EFB8D3168}.Debug|Any CPU.Build.0 = Debug|Any CPU
		{B12A31C6-3EA6-47D2-9F96-F18EFB8D3168}.Release|Any CPU.ActiveCfg = Release|Any CPU
		{B12A31C6-3EA6-47D2-9F96-F18EFB8D3168}.Release|Any CPU.Build.0 = Release|Any CPU
	EndGlobalSection
	GlobalSection(SolutionProperties) = preSolution
		HideSolutionNode = FALSE
	EndGlobalSection
	GlobalSection(ExtensibilityGlobals) = postSolution
		SolutionGuid = {F68177FE-41D5-4D57-8DB6-A298AA7B9763}
	EndGlobalSection
EndGlobal
